{
  "name": "@venite/ng-service-api",
  "version": "0.0.4",
  "lockfileVersion": 1,
  "requires": true,
  "dependencies": {
    "@venite/ldf": {
      "version": "0.9.9",
      "resolved": "https://registry.npmjs.org/@venite/ldf/-/ldf-0.9.9.tgz",
      "integrity": "sha512-TZQHoSELHAS80R8wWO5/7GW/+vk0HR9WbEea0CwRt4/lAbQg9gYUeOtn1DZGSEdRHpb9eSMOee9cMXMLYpqwnQ=="
    }
  }
}
