{
  "name": "@venite/ng-service-api",
  "version": "0.7.0",
  "lockfileVersion": 1,
  "requires": true,
  "dependencies": {
    "@venite/ldf": {
      "version": "0.18.11",
      "resolved": "https://registry.npmjs.org/@venite/ldf/-/ldf-0.18.11.tgz",
      "integrity": "sha512-kN6c2MQalXx8oVgK0l3oP+CgucTMOCvA4VrPi2MW8V8jZDjo85nR6vPxDcba7sKUN/FTWTg47BRTvVKIVFuHDQ==",
      "requires": {
        "jaro-winkler-typescript": "^1.0.1"
      }
    },
    "jaro-winkler-typescript": {
      "version": "1.0.1",
      "resolved": "https://registry.npmjs.org/jaro-winkler-typescript/-/jaro-winkler-typescript-1.0.1.tgz",
      "integrity": "sha512-MsXieUkvK2Lv5CCVu42ddaE2tALmerhEY46DQb1ry0AEl/Au6HFi7zFemIKlbc3md93NDijfOj0AFuSfUJST3g=="
    }
  }
}
