{
  "name": "@venite/ng-pray-menu",
  "version": "0.0.4",
  "lockfileVersion": 1,
  "requires": true,
  "dependencies": {
    "@angular/common": {
      "version": "9.1.12",
      "resolved": "https://registry.npmjs.org/@angular/common/-/common-9.1.12.tgz",
      "integrity": "sha512-XSIqkbM6VV1yixF9zuzeE5eqN1VsiXS517K2VU0XgCRSAzhVhLOeKsdYjeLf7PdSu/HgW/Tr81H+isi9A9I0YA=="
    },
    "@angular/core": {
      "version": "9.1.12",
      "resolved": "https://registry.npmjs.org/@angular/core/-/core-9.1.12.tgz",
      "integrity": "sha512-WVA/eh3fzjx0apOzkKot4YRRUsGkHj50zFQWrAOMgivGaj1YVrvhf+m3hpglj5fn/BkLiFDl8RT0wAE8z9X+gQ=="
    },
    "@angular/forms": {
      "version": "9.1.12",
      "resolved": "https://registry.npmjs.org/@angular/forms/-/forms-9.1.12.tgz",
      "integrity": "sha512-LhjnZlC4WEsEsAJfOZLte+Lks3WBAFVeRv2lzoQNFVr/IMzBNDVfjEaaSqKF1cei3cjY39Df2nYDMJM7HfqbJA=="
    },
    "@angular/router": {
      "version": "9.1.12",
      "resolved": "https://registry.npmjs.org/@angular/router/-/router-9.1.12.tgz",
      "integrity": "sha512-+qCaXa9y0nsRhzjAYBqmGoQ2YkrdXgftZwuFDf6t4qEi30EXa0oS97KrlFq0M5GKdLIDGrbUm9PcdHSTOI+ZhA=="
    },
    "@ionic/angular": {
      "version": "5.2.3",
      "resolved": "https://registry.npmjs.org/@ionic/angular/-/angular-5.2.3.tgz",
      "integrity": "sha512-s1qCmaOSBOXUe+2YyUKd7ynoSzAA9C35KyWa4X5JRhbLraVHHvOXMSyo5ckKm3ZSEkOvSDorg3wIbdVC/R3oRw==",
      "requires": {
        "@ionic/core": "5.2.3",
        "tslib": "^1.9.3"
      }
    },
    "@ionic/core": {
      "version": "5.2.3",
      "resolved": "https://registry.npmjs.org/@ionic/core/-/core-5.2.3.tgz",
      "integrity": "sha512-EUGicoQfWZV9//sstNkssFxvSaM7zXIG2EbOZVKX+2l7sWkUC39lO9CBZoMyafSppEZT1hMsY1R3coVkGQefEg==",
      "requires": {
        "ionicons": "^5.1.2",
        "tslib": "^1.10.0"
      }
    },
    "@ngx-translate/core": {
      "version": "13.0.0",
      "resolved": "https://registry.npmjs.org/@ngx-translate/core/-/core-13.0.0.tgz",
      "integrity": "sha512-+tzEp8wlqEnw0Gc7jtVRAJ6RteUjXw6JJR4O65KlnxOmJrCGPI0xjV/lKRnQeU0w4i96PQs/jtpL921Wrb7PWg==",
      "requires": {
        "tslib": "^2.0.0"
      },
      "dependencies": {
        "tslib": {
          "version": "2.0.0",
          "resolved": "https://registry.npmjs.org/tslib/-/tslib-2.0.0.tgz",
          "integrity": "sha512-lTqkx847PI7xEDYJntxZH89L2/aXInsyF2luSafe/+0fHOMjlBNXdH6th7f70qxLDhul7KZK0zC8V5ZIyHl0/g=="
        }
      }
    },
    "@venite/ng-service-api": {
      "version": "0.0.2",
      "resolved": "https://registry.npmjs.org/@venite/ng-service-api/-/ng-service-api-0.0.2.tgz",
      "integrity": "sha512-v+Jhr/RD1eouuTDG3eASFz16r8VPT3hKxpKGNFeUdV7wGyEKNxjThNJkdRUx9ZehXg1OiAUfWGR0T4dtsYr8Eg==",
      "requires": {
        "tslib": "^1.10.0"
      }
    },
    "ionicons": {
      "version": "5.1.2",
      "resolved": "https://registry.npmjs.org/ionicons/-/ionicons-5.1.2.tgz",
      "integrity": "sha512-zO7ZgbBbXhpA7cXO2rDzTNdcCqErjg1Sprq/ossTvaiV0MriOjRE7JO3EGvYjDTPzF9YALGpvLXqCgsRT0tprA=="
    },
    "rxjs": {
      "version": "6.5.5",
      "resolved": "https://registry.npmjs.org/rxjs/-/rxjs-6.5.5.tgz",
      "integrity": "sha512-WfQI+1gohdf0Dai/Bbmk5L5ItH5tYqm3ki2c5GdWhKjalzjg93N3avFjVStyZZz+A2Em+ZxKH5bNghw9UeylGQ==",
      "requires": {
        "tslib": "^1.9.0"
      }
    },
    "tslib": {
      "version": "1.13.0",
      "resolved": "https://registry.npmjs.org/tslib/-/tslib-1.13.0.tgz",
      "integrity": "sha512-i/6DQjL8Xf3be4K/E6Wgpekn5Qasl1usyw++dAA35Ue5orEn65VIxOA+YvNNl9HV3qv70T7CNwjODHZrLwvd1Q=="
    }
  }
}
