{
  "name": "@venite/ng-pray-menu",
  "version": "0.4.27",
  "lockfileVersion": 1,
  "requires": true,
  "dependencies": {
    "@venite/ng-service-api": {
      "version": "0.8.0",
      "resolved": "https://registry.npmjs.org/@venite/ng-service-api/-/ng-service-api-0.8.0.tgz",
      "integrity": "sha512-yGRZo2KIWLRCQw/W70+1zZ8dpj9a9bPlXx1IiGz5zvaUHHwpJ0ougb+vlS0a67Q6s2SL9XeDZgYCaIIx8wyHkA==",
      "requires": {
        "tslib": "^1.10.0"
      }
    },
    "tslib": {
      "version": "1.14.1",
      "resolved": "https://registry.npmjs.org/tslib/-/tslib-1.14.1.tgz",
      "integrity": "sha512-Xni35NKzjgMrwevysHTCArtLDpPvye8zV/0E4EyYn43P7/7qvQwPh9BGkHewbMulVntbigmcT7rdX3BNo9wRJg=="
    }
  }
}
