{
  "name": "@venite/ng-pray-menu",
  "version": "0.0.9",
  "lockfileVersion": 1,
  "requires": true,
  "dependencies": {
    "@venite/ng-service-api": {
      "version": "0.0.5",
      "resolved": "https://registry.npmjs.org/@venite/ng-service-api/-/ng-service-api-0.0.5.tgz",
      "integrity": "sha512-4BjfYHS8DsqrekLRwN9GHT5yrOlXo0nOt0gdwUBLofds8g50QeDx1h2GUyoDJHKVUWA74RqfSGFB8SRAx9Stgg==",
      "requires": {
        "tslib": "^1.10.0"
      }
    },
    "tslib": {
      "version": "1.13.0",
      "resolved": "https://registry.npmjs.org/tslib/-/tslib-1.13.0.tgz",
      "integrity": "sha512-i/6DQjL8Xf3be4K/E6Wgpekn5Qasl1usyw++dAA35Ue5orEn65VIxOA+YvNNl9HV3qv70T7CNwjODHZrLwvd1Q=="
    }
  }
}
