{
  "name": "@venite/ng-pray",
  "version": "0.5.12",
  "lockfileVersion": 1,
  "requires": true,
  "dependencies": {
    "@venite/ldf": {
      "version": "0.15.7",
      "resolved": "https://registry.npmjs.org/@venite/ldf/-/ldf-0.15.7.tgz",
      "integrity": "sha512-MXkZJEY9jh+ZAbQ4KCVH0T45EbQwFFMD4euvQmPJP4YIYtQqIs5y9frj/b7j5xvjCrKBx9HEsR7U/FhLIDYvLg=="
    }
  }
}
