{
  "name": "@venite/ng-pray",
  "version": "0.5.14",
  "lockfileVersion": 1,
  "requires": true,
  "dependencies": {
    "@venite/ldf": {
      "version": "0.16.16",
      "resolved": "https://registry.npmjs.org/@venite/ldf/-/ldf-0.16.16.tgz",
      "integrity": "sha512-oGsWHlv/Rkgg/68+jyGFtBM9BM3cpRtiKI7iyROVWUvccOCeWRSigvCQKPVph+qVpZdp14KegeKT0R/efKS8PQ=="
    }
  }
}
