{
  "name": "@venite/ng-pray",
  "version": "0.5.3",
  "lockfileVersion": 1,
  "requires": true,
  "dependencies": {
    "@venite/ldf": {
      "version": "0.13.7",
      "resolved": "https://registry.npmjs.org/@venite/ldf/-/ldf-0.13.7.tgz",
      "integrity": "sha512-qWg/wBz5/pCFkqsoqrmUD6vSGfV1xXy7XZeyD5w55qeTvQ7lwwzUH22mgeIKnxlzpSnxW2w1x+tVFXp3N9f5hQ=="
    }
  }
}
