{
  "name": "@venite/html",
  "version": "0.2.6",
  "lockfileVersion": 1,
  "requires": true,
  "dependencies": {
    "@venite/ldf": {
      "version": "0.20.1",
      "resolved": "https://registry.npmjs.org/@venite/ldf/-/ldf-0.20.1.tgz",
      "integrity": "sha512-QD4LFoY4/zr7xRbaQMTlejO7qRDIrRtJt0fEi5uGseXX9TaubweXpuUu3vfi/hrRWUN021RWJSl0H9ZWnTCbhA==",
      "requires": {
        "jaro-winkler-typescript": "^1.0.1"
      }
    },
    "jaro-winkler-typescript": {
      "version": "1.0.1",
      "resolved": "https://registry.npmjs.org/jaro-winkler-typescript/-/jaro-winkler-typescript-1.0.1.tgz",
      "integrity": "sha512-MsXieUkvK2Lv5CCVu42ddaE2tALmerhEY46DQb1ry0AEl/Au6HFi7zFemIKlbc3md93NDijfOj0AFuSfUJST3g=="
    }
  }
}
