{
  "name": "@venite/html",
  "version": "0.1.6",
  "lockfileVersion": 1,
  "requires": true,
  "dependencies": {
    "@venite/ldf": {
      "version": "0.19.5",
      "resolved": "https://registry.npmjs.org/@venite/ldf/-/ldf-0.19.5.tgz",
      "integrity": "sha512-nZvf64AzYANOkRd8T6U2GmSiTEVYXJi0a8AWzel8txebEi4JxQ6nSbivr/ZTMGarD+9oz3HUCSaGxPk921LPSA==",
      "requires": {
        "jaro-winkler-typescript": "^1.0.1"
      }
    },
    "jaro-winkler-typescript": {
      "version": "1.0.1",
      "resolved": "https://registry.npmjs.org/jaro-winkler-typescript/-/jaro-winkler-typescript-1.0.1.tgz",
      "integrity": "sha512-MsXieUkvK2Lv5CCVu42ddaE2tALmerhEY46DQb1ry0AEl/Au6HFi7zFemIKlbc3md93NDijfOj0AFuSfUJST3g=="
    }
  }
}
