{
  "name": "@venite/html",
  "version": "0.3.17",
  "lockfileVersion": 1,
  "requires": true,
  "dependencies": {
    "@venite/ldf": {
      "version": "0.21.0",
      "resolved": "https://registry.npmjs.org/@venite/ldf/-/ldf-0.21.0.tgz",
      "integrity": "sha512-c4rSfkXNawCT4MZAJNN7x8T3ie+OCcprfNeBR6OWOcdEiXsEQz/uzQwIzYTliDu75bC6KakUQF4VkNTDSdH+OQ==",
      "requires": {
        "jaro-winkler-typescript": "^1.0.1"
      }
    },
    "jaro-winkler-typescript": {
      "version": "1.0.1",
      "resolved": "https://registry.npmjs.org/jaro-winkler-typescript/-/jaro-winkler-typescript-1.0.1.tgz",
      "integrity": "sha512-MsXieUkvK2Lv5CCVu42ddaE2tALmerhEY46DQb1ry0AEl/Au6HFi7zFemIKlbc3md93NDijfOj0AFuSfUJST3g=="
    }
  }
}
